# @generated by Move, please check-in and do not edit manually.

[move]
version = 3
manifest_digest = "058F5744A7BF687C0B8125672BB44F2CFF30FA3C0888E7ADBFD9634810A1CEA0"
deps_digest = "F8BBB0CCB2491CA29A3DF03D6F92277A4F3574266507ACD77214D37ECA3F3082"
dependencies = [
  { id = "Sui", name = "Sui" },
]

[[move.package]]
id = "MoveStdlib"
source = { git = "https://github.com/MystenLabs/sui.git", rev = "framework/testnet", subdir = "crates/sui-framework/packages/move-stdlib" }

[[move.package]]
id = "Sui"
source = { git = "https://github.com/MystenLabs/sui.git", rev = "framework/testnet", subdir = "crates/sui-framework/packages/sui-framework" }

dependencies = [
  { id = "MoveStdlib", name = "MoveStdlib" },
]

[move.toolchain-version]
compiler-version = "1.53.2"
edition = "2024.beta"
flavor = "sui"

[env]

[env.mainnet]
chain-id = "35834a8a"
original-published-id = "0x0603346ba4d4ff4b26a7892bee31935fdfa2e4fd23ea091cd03fcc2c8566a949"
latest-published-id = "0x0603346ba4d4ff4b26a7892bee31935fdfa2e4fd23ea091cd03fcc2c8566a949"
published-version = "1"

[env.testnet]
chain-id = "4c78adac"
original-published-id = "0x62b4422e6a76cda57489f31a90e5e73878f9e9af7f97471f4e257d8006df58af"
latest-published-id = "0x62b4422e6a76cda57489f31a90e5e73878f9e9af7f97471f4e257d8006df58af"
published-version = "1"
